// !$*UTF8*$!
{
	archiveVersion = 1;
	classes = {
	};
	objectVersion = 46;
	objects = {

/* Begin PBXBuildFile section */
		DAF2F3E71C02ECFF00658E81 /* AppDelegate.swift in Sources */ = {isa = PBXBuildFile; fileRef = DAF2F3E61C02ECFF00658E81 /* AppDelegate.swift */; };
		DAF2F3E91C02ECFF00658E81 /* ViewController.swift in Sources */ = {isa = PBXBuildFile; fileRef = DAF2F3E81C02ECFF00658E81 /* ViewController.swift */; };
		DAF2F3EC1C02ECFF00658E81 /* Main.storyboard in Resources */ = {isa = PBXBuildFile; fileRef = DAF2F3EA1C02ECFF00658E81 /* Main.storyboard */; };
		DAF2F3EE1C02ECFF00658E81 /* Assets.xcassets in Resources */ = {isa = PBXBuildFile; fileRef = DAF2F3ED1C02ECFF00658E81 /* Assets.xcassets */; };
		DAF2F3F11C02ECFF00658E81 /* LaunchScreen.storyboard in Resources */ = {isa = PBXBuildFile; fileRef = DAF2F3EF1C02ECFF00658E81 /* LaunchScreen.storyboard */; };
		DAF2F3FC1C02ECFF00658E81 /* SplashViewAnimationTests.swift in Sources */ = {isa = PBXBuildFile; fileRef = DAF2F3FB1C02ECFF00658E81 /* SplashViewAnimationTests.swift */; };
		DAF2F4071C02ECFF00658E81 /* SplashViewAnimationUITests.swift in Sources */ = {isa = PBXBuildFile; fileRef = DAF2F4061C02ECFF00658E81 /* SplashViewAnimationUITests.swift */; };
/* End PBXBuildFile section */

/* Begin PBXContainerItemProxy section */
		DAF2F3F81C02ECFF00658E81 /* PBXContainerItemProxy */ = {
			isa = PBXContainerItemProxy;
			containerPortal = DAF2F3DB1C02ECFF00658E81 /* Project object */;
			proxyType = 1;
			remoteGlobalIDString = DAF2F3E21C02ECFF00658E81;
			remoteInfo = SplashViewAnimation;
		};
		DAF2F4031C02ECFF00658E81 /* PBXContainerItemProxy */ = {
			isa = PBXContainerItemProxy;
			containerPortal = DAF2F3DB1C02ECFF00658E81 /* Project object */;
			proxyType = 1;
			remoteGlobalIDString = DAF2F3E21C02ECFF00658E81;
			remoteInfo = SplashViewAnimation;
		};
/* End PBXContainerItemProxy section */

/* Begin PBXFileReference section */
		DAF2F3E31C02ECFF00658E81 /* SplashViewAnimation.app */ = {isa = PBXFileReference; explicitFileType = wrapper.application; includeInIndex = 0; path = SplashViewAnimation.app; sourceTree = BUILT_PRODUCTS_DIR; };
		DAF2F3E61C02ECFF00658E81 /* AppDelegate.swift */ = {isa = PBXFileReference; lastKnownFileType = sourcecode.swift; path = AppDelegate.swift; sourceTree = "<group>"; };
		DAF2F3E81C02ECFF00658E81 /* ViewController.swift */ = {isa = PBXFileReference; lastKnownFileType = sourcecode.swift; path = ViewController.swift; sourceTree = "<group>"; };
		DAF2F3EB1C02ECFF00658E81 /* Base */ = {isa = PBXFileReference; lastKnownFileType = file.storyboard; name = Base; path = Base.lproj/Main.storyboard; sourceTree = "<group>"; };
		DAF2F3ED1C02ECFF00658E81 /* Assets.xcassets */ = {isa = PBXFileReference; lastKnownFileType = folder.assetcatalog; path = Assets.xcassets; sourceTree = "<group>"; };
		DAF2F3F01C02ECFF00658E81 /* Base */ = {isa = PBXFileReference; lastKnownFileType = file.storyboard; name = Base; path = Base.lproj/LaunchScreen.storyboard; sourceTree = "<group>"; };
		DAF2F3F21C02ECFF00658E81 /* Info.plist */ = {isa = PBXFileReference; lastKnownFileType = text.plist.xml; path = Info.plist; sourceTree = "<group>"; };
		DAF2F3F71C02ECFF00658E81 /* SplashViewAnimationTests.xctest */ = {isa = PBXFileReference; explicitFileType = wrapper.cfbundle; includeInIndex = 0; path = SplashViewAnimationTests.xctest; sourceTree = BUILT_PRODUCTS_DIR; };
		DAF2F3FB1C02ECFF00658E81 /* SplashViewAnimationTests.swift */ = {isa = PBXFileReference; lastKnownFileType = sourcecode.swift; path = SplashViewAnimationTests.swift; sourceTree = "<group>"; };
		DAF2F3FD1C02ECFF00658E81 /* Info.plist */ = {isa = PBXFileReference; lastKnownFileType = text.plist.xml; path = Info.plist; sourceTree = "<group>"; };
		DAF2F4021C02ECFF00658E81 /* SplashViewAnimationUITests.xctest */ = {isa = PBXFileReference; explicitFileType = wrapper.cfbundle; includeInIndex = 0; path = SplashViewAnimationUITests.xctest; sourceTree = BUILT_PRODUCTS_DIR; };
		DAF2F4061C02ECFF00658E81 /* SplashViewAnimationUITests.swift */ = {isa = PBXFileReference; lastKnownFileType = sourcecode.swift; path = SplashViewAnimationUITests.swift; sourceTree = "<group>"; };
		DAF2F4081C02ECFF00658E81 /* Info.plist */ = {isa = PBXFileReference; lastKnownFileType = text.plist.xml; path = Info.plist; sourceTree = "<group>"; };
/* End PBXFileReference section */

/* Begin PBXFrameworksBuildPhase section */
		DAF2F3E01C02ECFF00658E81 /* Frameworks */ = {
			isa = PBXFrameworksBuildPhase;
			buildActionMask = 2147483647;
			files = (
			);
			runOnlyForDeploymentPostprocessing = 0;
		};
		DAF2F3F41C02ECFF00658E81 /* Frameworks */ = {
			isa = PBXFrameworksBuildPhase;
			buildActionMask = 2147483647;
			files = (
			);
			runOnlyForDeploymentPostprocessing = 0;
		};
		DAF2F3FF1C02ECFF00658E81 /* Frameworks */ = {
			isa = PBXFrameworksBuildPhase;
			buildActionMask = 2147483647;
			files = (
			);
			runOnlyForDeploymentPostprocessing = 0;
		};
/* End PBXFrameworksBuildPhase section */

/* Begin PBXGroup section */
		DAF2F3DA1C02ECFF00658E81 = {
			isa = PBXGroup;
			children = (
				DAF2F3E51C02ECFF00658E81 /* SplashViewAnimation */,
				DAF2F3FA1C02ECFF00658E81 /* SplashViewAnimationTests */,
				DAF2F4051C02ECFF00658E81 /* SplashViewAnimationUITests */,
				DAF2F3E41C02ECFF00658E81 /* Products */,
			);
			sourceTree = "<group>";
		};
		DAF2F3E41C02ECFF00658E81 /* Products */ = {
			isa = PBXGroup;
			children = (
				DAF2F3E31C02ECFF00658E81 /* SplashViewAnimation.app */,
				DAF2F3F71C02ECFF00658E81 /* SplashViewAnimationTests.xctest */,
				DAF2F4021C02ECFF00658E81 /* SplashViewAnimationUITests.xctest */,
			);
			name = Products;
			sourceTree = "<group>";
		};
		DAF2F3E51C02ECFF00658E81 /* SplashViewAnimation */ = {
			isa = PBXGroup;
			children = (
				DAF2F3E61C02ECFF00658E81 /* AppDelegate.swift */,
				DAF2F3E81C02ECFF00658E81 /* ViewController.swift */,
				DAF2F3EA1C02ECFF00658E81 /* Main.storyboard */,
				DAF2F3ED1C02ECFF00658E81 /* Assets.xcassets */,
				DAF2F3EF1C02ECFF00658E81 /* LaunchScreen.storyboard */,
				DAF2F3F21C02ECFF00658E81 /* Info.plist */,
			);
			path = SplashViewAnimation;
			sourceTree = "<group>";
		};
		DAF2F3FA1C02ECFF00658E81 /* SplashViewAnimationTests */ = {
			isa = PBXGroup;
			children = (
				DAF2F3FB1C02ECFF00658E81 /* SplashViewAnimationTests.swift */,
				DAF2F3FD1C02ECFF00658E81 /* Info.plist */,
			);
			path = SplashViewAnimationTests;
			sourceTree = "<group>";
		};
		DAF2F4051C02ECFF00658E81 /* SplashViewAnimationUITests */ = {
			isa = PBXGroup;
			children = (
				DAF2F4061C02ECFF00658E81 /* SplashViewAnimationUITests.swift */,
				DAF2F4081C02ECFF00658E81 /* Info.plist */,
			);
			path = SplashViewAnimationUITests;
			sourceTree = "<group>";
		};
/* End PBXGroup section */

/* Begin PBXNativeTarget section */
		DAF2F3E21C02ECFF00658E81 /* SplashViewAnimation */ = {
			isa = PBXNativeTarget;
			buildConfigurationList = DAF2F40B1C02ECFF00658E81 /* Build configuration list for PBXNativeTarget "SplashViewAnimation" */;
			buildPhases = (
				DAF2F3DF1C02ECFF00658E81 /* Sources */,
				DAF2F3E01C02ECFF00658E81 /* Frameworks */,
				DAF2F3E11C02ECFF00658E81 /* Resources */,
			);
			buildRules = (
			);
			dependencies = (
			);
			name = SplashViewAnimation;
			productName = SplashViewAnimation;
			productReference = DAF2F3E31C02ECFF00658E81 /* SplashViewAnimation.app */;
			productType = "com.apple.product-type.application";
		};
		DAF2F3F61C02ECFF00658E81 /* SplashViewAnimationTests */ = {
			isa = PBXNativeTarget;
			buildConfigurationList = DAF2F40E1C02ECFF00658E81 /* Build configuration list for PBXNativeTarget "SplashViewAnimationTests" */;
			buildPhases = (
				DAF2F3F31C02ECFF00658E81 /* Sources */,
				DAF2F3F41C02ECFF00658E81 /* Frameworks */,
				DAF2F3F51C02ECFF00658E81 /* Resources */,
			);
			buildRules = (
			);
			dependencies = (
				DAF2F3F91C02ECFF00658E81 /* PBXTargetDependency */,
			);
			name = SplashViewAnimationTests;
			productName = SplashViewAnimationTests;
			productReference = DAF2F3F71C02ECFF00658E81 /* SplashViewAnimationTests.xctest */;
			productType = "com.apple.product-type.bundle.unit-test";
		};
		DAF2F4011C02ECFF00658E81 /* SplashViewAnimationUITests */ = {
			isa = PBXNativeTarget;
			buildConfigurationList = DAF2F4111C02ECFF00658E81 /* Build configuration list for PBXNativeTarget "SplashViewAnimationUITests" */;
			buildPhases = (
				DAF2F3FE1C02ECFF00658E81 /* Sources */,
				DAF2F3FF1C02ECFF00658E81 /* Frameworks */,
				DAF2F4001C02ECFF00658E81 /* Resources */,
			);
			buildRules = (
			);
			dependencies = (
				DAF2F4041C02ECFF00658E81 /* PBXTargetDependency */,
			);
			name = SplashViewAnimationUITests;
			productName = SplashViewAnimationUITests;
			productReference = DAF2F4021C02ECFF00658E81 /* SplashViewAnimationUITests.xctest */;
			productType = "com.apple.product-type.bundle.ui-testing";
		};
/* End PBXNativeTarget section */

/* Begin PBXProject section */
		DAF2F3DB1C02ECFF00658E81 /* Project object */ = {
			isa = PBXProject;
			attributes = {
				LastSwiftUpdateCheck = 0710;
				LastUpgradeCheck = 0710;
				ORGANIZATIONNAME = barry;
				TargetAttributes = {
					DAF2F3E21C02ECFF00658E81 = {
						CreatedOnToolsVersion = 7.1.1;
					};
					DAF2F3F61C02ECFF00658E81 = {
						CreatedOnToolsVersion = 7.1.1;
						TestTargetID = DAF2F3E21C02ECFF00658E81;
					};
					DAF2F4011C02ECFF00658E81 = {
						CreatedOnToolsVersion = 7.1.1;
						TestTargetID = DAF2F3E21C02ECFF00658E81;
					};
				};
			};
			buildConfigurationList = DAF2F3DE1C02ECFF00658E81 /* Build configuration list for PBXProject "SplashViewAnimation" */;
			compatibilityVersion = "Xcode 3.2";
			developmentRegion = English;
			hasScannedForEncodings = 0;
			knownRegions = (
				en,
				Base,
			);
			mainGroup = DAF2F3DA1C02ECFF00658E81;
			productRefGroup = DAF2F3E41C02ECFF00658E81 /* Products */;
			projectDirPath = "";
			projectRoot = "";
			targets = (
				DAF2F3E21C02ECFF00658E81 /* SplashViewAnimation */,
				DAF2F3F61C02ECFF00658E81 /* SplashViewAnimationTests */,
				DAF2F4011C02ECFF00658E81 /* SplashViewAnimationUITests */,
			);
		};
/* End PBXProject section */

/* Begin PBXResourcesBuildPhase section */
		DAF2F3E11C02ECFF00658E81 /* Resources */ = {
			isa = PBXResourcesBuildPhase;
			buildActionMask = 2147483647;
			files = (
				DAF2F3F11C02ECFF00658E81 /* LaunchScreen.storyboard in Resources */,
				DAF2F3EE1C02ECFF00658E81 /* Assets.xcassets in Resources */,
				DAF2F3EC1C02ECFF00658E81 /* Main.storyboard in Resources */,
			);
			runOnlyForDeploymentPostprocessing = 0;
		};
		DAF2F3F51C02ECFF00658E81 /* Resources */ = {
			isa = PBXResourcesBuildPhase;
			buildActionMask = 2147483647;
			files = (
			);
			runOnlyForDeploymentPostprocessing = 0;
		};
		DAF2F4001C02ECFF00658E81 /* Resources */ = {
			isa = PBXResourcesBuildPhase;
			buildActionMask = 2147483647;
			files = (
			);
			runOnlyForDeploymentPostprocessing = 0;
		};
/* End PBXResourcesBuildPhase section */

/* Begin PBXSourcesBuildPhase section */
		DAF2F3DF1C02ECFF00658E81 /* Sources */ = {
			isa = PBXSourcesBuildPhase;
			buildActionMask = 2147483647;
			files = (
				DAF2F3E91C02ECFF00658E81 /* ViewController.swift in Sources */,
				DAF2F3E71C02ECFF00658E81 /* AppDelegate.swift in Sources */,
			);
			runOnlyForDeploymentPostprocessing = 0;
		};
		DAF2F3F31C02ECFF00658E81 /* Sources */ = {
			isa = PBXSourcesBuildPhase;
			buildActionMask = 2147483647;
			files = (
				DAF2F3FC1C02ECFF00658E81 /* SplashViewAnimationTests.swift in Sources */,
			);
			runOnlyForDeploymentPostprocessing = 0;
		};
		DAF2F3FE1C02ECFF00658E81 /* Sources */ = {
			isa = PBXSourcesBuildPhase;
			buildActionMask = 2147483647;
			files = (
				DAF2F4071C02ECFF00658E81 /* SplashViewAnimationUITests.swift in Sources */,
			);
			runOnlyForDeploymentPostprocessing = 0;
		};
/* End PBXSourcesBuildPhase section */

/* Begin PBXTargetDependency section */
		DAF2F3F91C02ECFF00658E81 /* PBXTargetDependency */ = {
			isa = PBXTargetDependency;
			target = DAF2F3E21C02ECFF00658E81 /* SplashViewAnimation */;
			targetProxy = DAF2F3F81C02ECFF00658E81 /* PBXContainerItemProxy */;
		};
		DAF2F4041C02ECFF00658E81 /* PBXTargetDependency */ = {
			isa = PBXTargetDependency;
			target = DAF2F3E21C02ECFF00658E81 /* SplashViewAnimation */;
			targetProxy = DAF2F4031C02ECFF00658E81 /* PBXContainerItemProxy */;
		};
/* End PBXTargetDependency section */

/* Begin PBXVariantGroup section */
		DAF2F3EA1C02ECFF00658E81 /* Main.storyboard */ = {
			isa = PBXVariantGroup;
			children = (
				DAF2F3EB1C02ECFF00658E81 /* Base */,
			);
			name = Main.storyboard;
			sourceTree = "<group>";
		};
		DAF2F3EF1C02ECFF00658E81 /* LaunchScreen.storyboard */ = {
			isa = PBXVariantGroup;
			children = (
				DAF2F3F01C02ECFF00658E81 /* Base */,
			);
			name = LaunchScreen.storyboard;
			sourceTree = "<group>";
		};
/* End PBXVariantGroup section */

/* Begin XCBuildConfiguration section */
		DAF2F4091C02ECFF00658E81 /* Debug */ = {
			isa = XCBuildConfiguration;
			buildSettings = {
				ALWAYS_SEARCH_USER_PATHS = NO;
				CLANG_CXX_LANGUAGE_STANDARD = "gnu++0x";
				CLANG_CXX_LIBRARY = "libc++";
				CLANG_ENABLE_MODULES = YES;
				CLANG_ENABLE_OBJC_ARC = YES;
				CLANG_WARN_BOOL_CONVERSION = YES;
				CLANG_WARN_CONSTANT_CONVERSION = YES;
				CLANG_WARN_DIRECT_OBJC_ISA_USAGE = YES_ERROR;
				CLANG_WARN_EMPTY_BODY = YES;
				CLANG_WARN_ENUM_CONVERSION = YES;
				CLANG_WARN_INT_CONVERSION = YES;
				CLANG_WARN_OBJC_ROOT_CLASS = YES_ERROR;
				CLANG_WARN_UNREACHABLE_CODE = YES;
				CLANG_WARN__DUPLICATE_METHOD_MATCH = YES;
				"CODE_SIGN_IDENTITY[sdk=iphoneos*]" = "iPhone Developer";
				COPY_PHASE_STRIP = NO;
				DEBUG_INFORMATION_FORMAT = dwarf;
				ENABLE_STRICT_OBJC_MSGSEND = YES;
				ENABLE_TESTABILITY = YES;
				GCC_C_LANGUAGE_STANDARD = gnu99;
				GCC_DYNAMIC_NO_PIC = NO;
				GCC_NO_COMMON_BLOCKS = YES;
				GCC_OPTIMIZATION_LEVEL = 0;
				GCC_PREPROCESSOR_DEFINITIONS = (
					"DEBUG=1",
					"$(inherited)",
				);
				GCC_WARN_64_TO_32_BIT_CONVERSION = YES;
				GCC_WARN_ABOUT_RETURN_TYPE = YES_ERROR;
				GCC_WARN_UNDECLARED_SELECTOR = YES;
				GCC_WARN_UNINITIALIZED_AUTOS = YES_AGGRESSIVE;
				GCC_WARN_UNUSED_FUNCTION = YES;
				GCC_WARN_UNUSED_VARIABLE = YES;
				IPHONEOS_DEPLOYMENT_TARGET = 9.1;
				MTL_ENABLE_DEBUG_INFO = YES;
				ONLY_ACTIVE_ARCH = YES;
				SDKROOT = iphoneos;
				SWIFT_OPTIMIZATION_LEVEL = "-Onone";
				TARGETED_DEVICE_FAMILY = "1,2";
			};
			name = Debug;
		};
		DAF2F40A1C02ECFF00658E81 /* Release */ = {
			isa = XCBuildConfiguration;
			buildSettings = {
				ALWAYS_SEARCH_USER_PATHS = NO;
				CLANG_CXX_LANGUAGE_STANDARD = "gnu++0x";
				CLANG_CXX_LIBRARY = "libc++";
				CLANG_ENABLE_MODULES = YES;
				CLANG_ENABLE_OBJC_ARC = YES;
				CLANG_WARN_BOOL_CONVERSION = YES;
				CLANG_WARN_CONSTANT_CONVERSION = YES;
				CLANG_WARN_DIRECT_OBJC_ISA_USAGE = YES_ERROR;
				CLANG_WARN_EMPTY_BODY = YES;
				CLANG_WARN_ENUM_CONVERSION = YES;
				CLANG_WARN_INT_CONVERSION = YES;
				CLANG_WARN_OBJC_ROOT_CLASS = YES_ERROR;
				CLANG_WARN_UNREACHABLE_CODE = YES;
				CLANG_WARN__DUPLICATE_METHOD_MATCH = YES;
				"CODE_SIGN_IDENTITY[sdk=iphoneos*]" = "iPhone Developer";
				COPY_PHASE_STRIP = NO;
				DEBUG_INFORMATION_FORMAT = "dwarf-with-dsym";
				ENABLE_NS_ASSERTIONS = NO;
				ENABLE_STRICT_OBJC_MSGSEND = YES;
				GCC_C_LANGUAGE_STANDARD = gnu99;
				GCC_NO_COMMON_BLOCKS = YES;
				GCC_WARN_64_TO_32_BIT_CONVERSION = YES;
				GCC_WARN_ABOUT_RETURN_TYPE = YES_ERROR;
				GCC_WARN_UNDECLARED_SELECTOR = YES;
				GCC_WARN_UNINITIALIZED_AUTOS = YES_AGGRESSIVE;
				GCC_WARN_UNUSED_FUNCTION = YES;
				GCC_WARN_UNUSED_VARIABLE = YES;
				IPHONEOS_DEPLOYMENT_TARGET = 9.1;
				MTL_ENABLE_DEBUG_INFO = NO;
				SDKROOT = iphoneos;
				TARGETED_DEVICE_FAMILY = "1,2";
				VALIDATE_PRODUCT = YES;
			};
			name = Release;
		};
		DAF2F40C1C02ECFF00658E81 /* Debug */ = {
			isa = XCBuildConfiguration;
			buildSettings = {
				ASSETCATALOG_COMPILER_APPICON_NAME = AppIcon;
				INFOPLIST_FILE = SplashViewAnimation/Info.plist;
				LD_RUNPATH_SEARCH_PATHS = "$(inherited) @executable_path/Frameworks";
				PRODUCT_BUNDLE_IDENTIFIER = com.barry.SplashViewAnimation;
				PRODUCT_NAME = "$(TARGET_NAME)";
			};
			name = Debug;
		};
		DAF2F40D1C02ECFF00658E81 /* Release */ = {
			isa = XCBuildConfiguration;
			buildSettings = {
				ASSETCATALOG_COMPILER_APPICON_NAME = AppIcon;
				INFOPLIST_FILE = SplashViewAnimation/Info.plist;
				LD_RUNPATH_SEARCH_PATHS = "$(inherited) @executable_path/Frameworks";
				PRODUCT_BUNDLE_IDENTIFIER = com.barry.SplashViewAnimation;
				PRODUCT_NAME = "$(TARGET_NAME)";
			};
			name = Release;
		};
		DAF2F40F1C02ECFF00658E81 /* Debug */ = {
			isa = XCBuildConfiguration;
			buildSettings = {
				BUNDLE_LOADER = "$(TEST_HOST)";
				INFOPLIST_FILE = SplashViewAnimationTests/Info.plist;
				LD_RUNPATH_SEARCH_PATHS = "$(inherited) @executable_path/Frameworks @loader_path/Frameworks";
				PRODUCT_BUNDLE_IDENTIFIER = com.barry.SplashViewAnimationTests;
				PRODUCT_NAME = "$(TARGET_NAME)";
				TEST_HOST = "$(BUILT_PRODUCTS_DIR)/SplashViewAnimation.app/SplashViewAnimation";
			};
			name = Debug;
		};
		DAF2F4101C02ECFF00658E81 /* Release */ = {
			isa = XCBuildConfiguration;
			buildSettings = {
				BUNDLE_LOADER = "$(TEST_HOST)";
				INFOPLIST_FILE = SplashViewAnimationTests/Info.plist;
				LD_RUNPATH_SEARCH_PATHS = "$(inherited) @executable_path/Frameworks @loader_path/Frameworks";
				PRODUCT_BUNDLE_IDENTIFIER = com.barry.SplashViewAnimationTests;
				PRODUCT_NAME = "$(TARGET_NAME)";
				TEST_HOST = "$(BUILT_PRODUCTS_DIR)/SplashViewAnimation.app/SplashViewAnimation";
			};
			name = Release;
		};
		DAF2F4121C02ECFF00658E81 /* Debug */ = {
			isa = XCBuildConfiguration;
			buildSettings = {
				INFOPLIST_FILE = SplashViewAnimationUITests/Info.plist;
				LD_RUNPATH_SEARCH_PATHS = "$(inherited) @executable_path/Frameworks @loader_path/Frameworks";
				PRODUCT_BUNDLE_IDENTIFIER = com.barry.SplashViewAnimationUITests;
				PRODUCT_NAME = "$(TARGET_NAME)";
				TEST_TARGET_NAME = SplashViewAnimation;
				USES_XCTRUNNER = YES;
			};
			name = Debug;
		};
		DAF2F4131C02ECFF00658E81 /* Release */ = {
			isa = XCBuildConfiguration;
			buildSettings = {
				INFOPLIST_FILE = SplashViewAnimationUITests/Info.plist;
				LD_RUNPATH_SEARCH_PATHS = "$(inherited) @executable_path/Frameworks @loader_path/Frameworks";
				PRODUCT_BUNDLE_IDENTIFIER = com.barry.SplashViewAnimationUITests;
				PRODUCT_NAME = "$(TARGET_NAME)";
				TEST_TARGET_NAME = SplashViewAnimation;
				USES_XCTRUNNER = YES;
			};
			name = Release;
		};
/* End XCBuildConfiguration section */

/* Begin XCConfigurationList section */
		DAF2F3DE1C02ECFF00658E81 /* Build configuration list for PBXProject "SplashViewAnimation" */ = {
			isa = XCConfigurationList;
			buildConfigurations = (
				DAF2F4091C02ECFF00658E81 /* Debug */,
				DAF2F40A1C02ECFF00658E81 /* Release */,
			);
			defaultConfigurationIsVisible = 0;
			defaultConfigurationName = Release;
		};
		DAF2F40B1C02ECFF00658E81 /* Build configuration list for PBXNativeTarget "SplashViewAnimation" */ = {
			isa = XCConfigurationList;
			buildConfigurations = (
				DAF2F40C1C02ECFF00658E81 /* Debug */,
				DAF2F40D1C02ECFF00658E81 /* Release */,
			);
			defaultConfigurationIsVisible = 0;
			defaultConfigurationName = Release;
		};
		DAF2F40E1C02ECFF00658E81 /* Build configuration list for PBXNativeTarget "SplashViewAnimationTests" */ = {
			isa = XCConfigurationList;
			buildConfigurations = (
				DAF2F40F1C02ECFF00658E81 /* Debug */,
				DAF2F4101C02ECFF00658E81 /* Release */,
			);
			defaultConfigurationIsVisible = 0;
			defaultConfigurationName = Release;
		};
		DAF2F4111C02ECFF00658E81 /* Build configuration list for PBXNativeTarget "SplashViewAnimationUITests" */ = {
			isa = XCConfigurationList;
			buildConfigurations = (
				DAF2F4121C02ECFF00658E81 /* Debug */,
				DAF2F4131C02ECFF00658E81 /* Release */,
			);
			defaultConfigurationIsVisible = 0;
			defaultConfigurationName = Release;
		};
/* End XCConfigurationList section */
	};
	rootObject = DAF2F3DB1C02ECFF00658E81 /* Project object */;
}
