PODS:
  - wax (1.0.0)

DEPENDENCIES:
  - wax (from `https://github.com/alibaba/wax.git`, tag `1.1.0`)

EXTERNAL SOURCES:
  wax:
    :git: https://github.com/alibaba/wax.git
    :tag: 1.1.0

CHECKOUT OPTIONS:
  wax:
    :git: https://github.com/alibaba/wax.git
    :tag: 1.1.0

SPEC CHECKSUMS:
  wax: 6f804b47b761e99c1dc905d2a0698528699dfde0

COCOAPODS: 0.39.0
